
Microsoft Visual Studio Solution File, Format Version 12.00
# Visual Studio Version 16
VisualStudioVersion = 16.0.29709.97
MinimumVisualStudioVersion = 15.0.26124.0
Project("{2150E333-8FDC-42A3-9474-1A3956D46DE8}") = "deploy", "deploy", "{6083BA2E-E83D-4545-8E28-FE291110A46B}"
EndProject
Project("{2150E333-8FDC-42A3-9474-1A3956D46DE8}") = "doc", "doc", "{7E9AF29F-12C1-405A-8B40-0041179DEBEC}"
	ProjectSection(SolutionItems) = preProject
		.gitignore = .gitignore
		azure-pipelines.yml = azure-pipelines.yml
		README.md = README.md
		web-navigator.yaml = web-navigator.yaml
	EndProjectSection
EndProject
Project("{2150E333-8FDC-42A3-9474-1A3956D46DE8}") = "src", "src", "{4EF08C94-B952-4183-8D20-7036E5FD2661}"
EndProject
Project("{2150E333-8FDC-42A3-9474-1A3956D46DE8}") = "test", "test", "{7D7BED22-8D53-487F-946F-BD5092C7BAE2}"
EndProject
Project("{2150E333-8FDC-42A3-9474-1A3956D46DE8}") = "unit", "unit", "{02227113-FA18-499C-A88A-CF5B03250602}"
EndProject
Project("{2150E333-8FDC-42A3-9474-1A3956D46DE8}") = "release", "release", "{D572B1A0-5190-4021-9126-32076F2D07F4}"
EndProject
Project("{9A19103F-16F7-4668-BE54-9A1E7A4F7556}") = "WebNavigator", "src\WebNavigator\WebNavigator.csproj", "{645E5F28-3A87-4628-A912-A0879D968E9A}"
EndProject
Global
	GlobalSection(SolutionConfigurationPlatforms) = preSolution
		Debug|Any CPU = Debug|Any CPU
		Release|Any CPU = Release|Any CPU
	EndGlobalSection
	GlobalSection(ProjectConfigurationPlatforms) = postSolution
		{645E5F28-3A87-4628-A912-A0879D968E9A}.Debug|Any CPU.ActiveCfg = Debug|Any CPU
		{645E5F28-3A87-4628-A912-A0879D968E9A}.Debug|Any CPU.Build.0 = Debug|Any CPU
		{645E5F28-3A87-4628-A912-A0879D968E9A}.Release|Any CPU.ActiveCfg = Release|Any CPU
		{645E5F28-3A87-4628-A912-A0879D968E9A}.Release|Any CPU.Build.0 = Release|Any CPU
	EndGlobalSection
	GlobalSection(SolutionProperties) = preSolution
		HideSolutionNode = FALSE
	EndGlobalSection
	GlobalSection(NestedProjects) = preSolution
		{02227113-FA18-499C-A88A-CF5B03250602} = {7D7BED22-8D53-487F-946F-BD5092C7BAE2}
		{D572B1A0-5190-4021-9126-32076F2D07F4} = {7D7BED22-8D53-487F-946F-BD5092C7BAE2}
		{645E5F28-3A87-4628-A912-A0879D968E9A} = {4EF08C94-B952-4183-8D20-7036E5FD2661}
	EndGlobalSection
	GlobalSection(ExtensibilityGlobals) = postSolution
		SolutionGuid = {C62476CF-78BF-4D36-8BE2-D57595CE6E16}
	EndGlobalSection
EndGlobal
